github.com/ansel1/merry v1.5.0 h1:9E6Jj5Yda9SfY3dhbOZUq1CeHl5JA1+mItYvKqokJ7s=
github.com/ansel1/merry v1.5.0/go.mod h1:wUy/yW0JX0ix9GYvUbciq+bi3jW/vlKPlbpI7qdZpOw=
github.com/ansel1/merry v1.5.1 h1:/MlZd3Irx2HQsUlOcXTTYev7N1t1Rsdnxwg6xkOVJp4=
github.com/ansel1/merry v1.5.1/go.mod h1:wUy/yW0JX0ix9GYvUbciq+bi3jW/vlKPlbpI7qdZpOw=
github.com/apache/thrift v0.13.0 h1:5hryIiq9gtn+MiLVn0wP37kb/uTeRZgN08WoCsAhIhI=
github.com/apache/thrift v0.13.0/go.mod h1:cp2SuWMxlEZw2r+iP2GNCdIi4C1qmUzdZFSVb+bacwQ=
github.com/chzyer/logex v1.1.10/go.mod h1:+Ywpsq7O8HXn0nuIou7OrIPyXbp3wmkHB+jjWRnGsAI=
github.com/chzyer/readline v0.0.0-20180603132655-2972be24d48e/go.mod h1:nSuG5e5PlCu98SY8svDHJxuZscDgtXS6KTTbou5AhLI=
github.com/chzyer/test v0.0.0-20180213035817-a1ea475d72b1/go.mod h1:Q3SI9o4m/ZMnBNeIyt5eFwwo7qiLfzFZmjNmxjkiQlU=
github.com/creack/pty v1.1.9/go.mod h1:oKZEueFk5CKHvIhNR5MUki03XCEU+Q6VDXinZuGJ33E=
github.com/davecgh/go-spew v1.1.0/go.mod h1:J7Y8YcW2NihsgmVo/mv3lAwl/skON4iLHjSsI+c5H38=
github.com/davecgh/go-spew v1.1.1 h1:vj9j/u1bqnvCEfJOwUhtlOARqs3+rkHYY13jYWTU97c=
github.com/davecgh/go-spew v1.1.1/go.mod h1:J7Y8YcW2NihsgmVo/mv3lAwl/skON4iLHjSsI+c5H38=
github.com/fpawel/comm v0.0.0-20191015112010-2ad58570365a/go.mod h1:W3sS3oaaitd4wtvr7Iise6lLEBfDEpRAu+GcvPmp/h4=
github.com/fpawel/comm v0.0.0-20200327053747-715b051399b8 h1:XC4WmPNhFktcVdITmUi0kqA1iSfqKpF9tWArzn0AHdA=
github.com/fpawel/comm v0.0.0-20200327053747-715b051399b8/go.mod h1:W3sS3oaaitd4wtvr7Iise6lLEBfDEpRAu+GcvPmp/h4=
github.com/fpawel/comm v0.0.0-20200512053205-8fcc91622e04 h1:AApVBlqANQeUgD7lEpioucunS21ovI2aaJqJHmqGv8k=
github.com/fpawel/comm v0.0.0-20200512053205-8fcc91622e04/go.mod h1:W3sS3oaaitd4wtvr7Iise6lLEBfDEpRAu+GcvPmp/h4=
github.com/fpawel/comm v0.0.0-20200525060448-da2aaea3aabe h1:oM7o6Iv6gRH0e7wY4/fO9kiE91sUMEN46kOXu3yK94w=
github.com/fpawel/comm v0.0.0-20200525060448-da2aaea3aabe/go.mod h1:W3sS3oaaitd4wtvr7Iise6lLEBfDEpRAu+GcvPmp/h4=
github.com/fpawel/comm v0.0.0-20200525065657-89b34bb8f8d3 h1:lVv0PNOaaYL8/BdNPNiASrCV6gSHWaQT+fRcWlzVdSA=
github.com/fpawel/comm v0.0.0-20200525065657-89b34bb8f8d3/go.mod h1:W3sS3oaaitd4wtvr7Iise6lLEBfDEpRAu+GcvPmp/h4=
github.com/fpawel/comm v0.0.0-20200525121220-125ca834f493 h1:+x0GNu7bkTUY+n3hbY7mfpuNUqo8IwfC9OrE190hxsw=
github.com/fpawel/comm v0.0.0-20200525121220-125ca834f493/go.mod h1:W3sS3oaaitd4wtvr7Iise6lLEBfDEpRAu+GcvPmp/h4=
github.com/fpawel/comm v0.0.0-20200526080925-426d6a2493de h1:l0MWIH6iO7lB/b/jwCAhnng4cGUT0NTIO024oqTvAHI=
github.com/fpawel/comm v0.0.0-20200526080925-426d6a2493de/go.mod h1:W3sS3oaaitd4wtvr7Iise6lLEBfDEpRAu+GcvPmp/h4=
github.com/fpawel/comm v0.0.0-20200526093658-a8358e6f36b5 h1:KuLPgnGFsz9QguIe+/qfbZrg1SnnW2f5hna0vV9SgRo=
github.com/fpawel/comm v0.0.0-20200526093658-a8358e6f36b5/go.mod h1:W3sS3oaaitd4wtvr7Iise6lLEBfDEpRAu+GcvPmp/h4=
github.com/fpawel/comm v0.0.0-20200526105002-46e1faaa15b4 h1:HmsaA1kRoyFSAYmcKOC5FNB3Cekuh2zIeu9IulWVNd8=
github.com/fpawel/comm v0.0.0-20200526105002-46e1faaa15b4/go.mod h1:W3sS3oaaitd4wtvr7Iise6lLEBfDEpRAu+GcvPmp/h4=
github.com/fpawel/comm v0.0.0-20200527115644-4b19fe146106 h1:c0szMLf3ITAi8Yr+NFV4PYmwZJyce4czcnwvT8Cis8c=
github.com/fpawel/comm v0.0.0-20200527115644-4b19fe146106/go.mod h1:W3sS3oaaitd4wtvr7Iise6lLEBfDEpRAu+GcvPmp/h4=
github.com/fpawel/comm v0.0.0-20200527120236-ca9918d3aed3 h1:bKma5z7Lo7fraTgLy1Kk+0kyNG6C6NlQ5SLQR10XIwc=
github.com/fpawel/comm v0.0.0-20200527120236-ca9918d3aed3/go.mod h1:W3sS3oaaitd4wtvr7Iise6lLEBfDEpRAu+GcvPmp/h4=
github.com/fpawel/comm v0.0.0-20200527121302-40cd6f238a22 h1:W7nXEAhLk4yuSl3EyTKyApmm40rltrVbRZOLJ37w3Vg=
github.com/fpawel/comm v0.0.0-20200527121302-40cd6f238a22/go.mod h1:W3sS3oaaitd4wtvr7Iise6lLEBfDEpRAu+GcvPmp/h4=
github.com/fpawel/comm v0.0.0-20200527124658-58f57418ac47 h1:89FHmfEey51CGDb8dLkAUPkB1UFCbseZreZv+pIpufY=
github.com/fpawel/comm v0.0.0-20200527124658-58f57418ac47/go.mod h1:W3sS3oaaitd4wtvr7Iise6lLEBfDEpRAu+GcvPmp/h4=
github.com/fpawel/comm v0.0.0-20200527125321-43b74589c366 h1:vHb8/93u/UcGQ+tscgcgMweho/Nrq3ylmPWuvhuJsOQ=
github.com/fpawel/comm v0.0.0-20200527125321-43b74589c366/go.mod h1:W3sS3oaaitd4wtvr7Iise6lLEBfDEpRAu+GcvPmp/h4=
github.com/fpawel/comm v0.0.0-20200527130635-44cce2cc5ebd h1:LfGIEjZvmweqviolbkTme6Q8aP1rTVzRlrg/MHcqBwU=
github.com/fpawel/comm v0.0.0-20200527130635-44cce2cc5ebd/go.mod h1:W3sS3oaaitd4wtvr7Iise6lLEBfDEpRAu+GcvPmp/h4=
github.com/fpawel/comm v0.0.0-20200527132426-aa5a82a5658a h1:UaIFrFSA56e1mYcTfjbOF/gXZg9+Yswk7H9E2k4S3l0=
github.com/fpawel/comm v0.0.0-20200527132426-aa5a82a5658a/go.mod h1:W3sS3oaaitd4wtvr7Iise6lLEBfDEpRAu+GcvPmp/h4=
github.com/fpawel/comm v0.0.0-20200527132820-f63adc971f1c h1:2sThoT+G1vRk2+Kq8MitSE4S/kb5LayQVzSxIx9HSzc=
github.com/fpawel/comm v0.0.0-20200527132820-f63adc971f1c/go.mod h1:W3sS3oaaitd4wtvr7Iise6lLEBfDEpRAu+GcvPmp/h4=
github.com/fpawel/comm v0.0.0-20200625131757-8fde23ca9e3e h1:puxTkwwYMh7Ver08yYi0mvkA/GRoWqMTpXrLvvYh1SA=
github.com/fpawel/comm v0.0.0-20200625131757-8fde23ca9e3e/go.mod h1:W3sS3oaaitd4wtvr7Iise6lLEBfDEpRAu+GcvPmp/h4=
github.com/fpawel/comm v0.0.0-20200710084952-9119fbfa16eb h1:xf1jPgQ4S+adQENCa2foM/h2P45ZvA5jD5RL9E0E8qY=
github.com/fpawel/comm v0.0.0-20200710084952-9119fbfa16eb/go.mod h1:W3sS3oaaitd4wtvr7Iise6lLEBfDEpRAu+GcvPmp/h4=
github.com/fpawel/comm v0.0.0-20200710131601-606736b64bb7 h1:Lu4CssNpsDY6FHUNX/V3iaNvsQlh0+Ba8TT1RQDDJgI=
github.com/fpawel/comm v0.0.0-20200710131601-606736b64bb7/go.mod h1:W3sS3oaaitd4wtvr7Iise6lLEBfDEpRAu+GcvPmp/h4=
github.com/fpawel/comm v0.0.0-20200710133946-abaf4b078976 h1:cbpTVZGbBgIHWpOaOvCdkv+Du3uaFTpCWVtnlaTqjeg=
github.com/fpawel/comm v0.0.0-20200710133946-abaf4b078976/go.mod h1:W3sS3oaaitd4wtvr7Iise6lLEBfDEpRAu+GcvPmp/h4=
github.com/fpawel/gofins v0.0.0-20190517135525-2c568bd32bf8 h1:UM9aOtxe5LVZwoCTQltVvjEjcTtLqfWJ8cAkDmQsyhg=
github.com/fpawel/gofins v0.0.0-20190517135525-2c568bd32bf8/go.mod h1:mSSHEEI65myX9PxSQLbDzWS1jkYk1hAPh+qxq6CyBD4=
github.com/fpawel/gotools v0.0.0-20191030125146-1d6c7465834c h1:F+7sEloAAWx4vFTvvs025jJbbiAiHE5GwuaGR7f2Htk=
github.com/fpawel/gotools v0.0.0-20191030125146-1d6c7465834c/go.mod h1:2sZwXlV+tJpLskgyq89dUp35uGHbU74yFO2diqI3Fk8=
github.com/fpawel/hardware v0.0.0-20200327053921-f0495995acce h1:8bPKwxC7BWYqJdrteD8LwwTcZZxf3SQv/yvWQWCQjJ4=
github.com/fpawel/hardware v0.0.0-20200327053921-f0495995acce/go.mod h1:KIup3WbKnn/g3Zvt0dCo3FXcQT6dCfNWDXd/vYVCxQs=
github.com/fpawel/hardware v0.0.0-20200512055040-77d95e206c06 h1:Y2nDMcF2a+MyGJpHeTkpiLW1bELu9uysTMVCwrGHH6w=
github.com/fpawel/hardware v0.0.0-20200512055040-77d95e206c06/go.mod h1:P/rT6VSLby5mt+jhnIrot801kn3IuVMfk1Yb/VP1o+E=
github.com/fpawel/hardware v0.0.0-20200525065746-e138c9ae80ea h1:E1cUebYJBDSbFGJoEJBmWSQaRWgYInGiYOg2xqbIMMs=
github.com/fpawel/hardware v0.0.0-20200525065746-e138c9ae80ea/go.mod h1:8fFcYf1pqyPmadbqByI91xjAmVtOS2v3tVJfS7yNKjk=
github.com/fpawel/hardware v0.0.0-20200525121335-4dc92078f9d3 h1:R9s73/eGSURfj0EOwiYdAu3C5mIfMfJ8bxFOzNRw+18=
github.com/fpawel/hardware v0.0.0-20200525121335-4dc92078f9d3/go.mod h1:bYifH5BA5u7v0697DPIVIew+d/R0PVBPRAk0YEx23dY=
github.com/fpawel/hardware v0.0.0-20200526073212-e4882de5c7d5 h1:h2J4NPYJN9eKLvfGYW3DwYQvotxqYlwJN1wU+mCARD4=
github.com/fpawel/hardware v0.0.0-20200526073212-e4882de5c7d5/go.mod h1:bYifH5BA5u7v0697DPIVIew+d/R0PVBPRAk0YEx23dY=
github.com/fpawel/hardware v0.0.0-20200526081052-449eb5d1ff86 h1:yD2LJAVax8ywYNLychvQ7UQ+jGyUj4IEdmBuWz4bqV0=
github.com/fpawel/hardware v0.0.0-20200526081052-449eb5d1ff86/go.mod h1:xBfEljJaBM3WC9LP1zuucmhpSRRy14BNK8+efDaTho8=
github.com/fpawel/hardware v0.0.0-20200526093802-33aafd39d127 h1:Oi49os0fsDUzVowvz/2WmTkH3K3oMXX2FCPyx7F1EYc=
github.com/fpawel/hardware v0.0.0-20200526093802-33aafd39d127/go.mod h1:BDsQVBT3YbrixIqkPuopcZWOc9r4mRyoipuzYIlmqhw=
github.com/fpawel/hardware v0.0.0-20200526105107-3b1055733a5f h1:P38OuArF5YQ5wFPW9wfx6XHHAS1OzGKPDmwWZDpcgSE=
github.com/fpawel/hardware v0.0.0-20200526105107-3b1055733a5f/go.mod h1:pvMvvuO7wVTora4q7x1wN8I4C9FEnVeR8t7fd81hLRI=
github.com/fpawel/hardware v0.0.0-20200527115753-d7751bb2f5c1 h1:P8yW5VBfMB5AZ+PTE7X1w51P73bYRr1W6FlCDaMyG20=
github.com/fpawel/hardware v0.0.0-20200527115753-d7751bb2f5c1/go.mod h1:cLH5zldq9CpTjW48pzNH+7C+vFUisUc4jw7zmes3IrY=
github.com/fpawel/hardware v0.0.0-20200527120321-2f9220b75c40 h1:SDzYrdDI5n8IsNU2pFZzyI3FpzzeYbYj/is/x+tbG3Y=
github.com/fpawel/hardware v0.0.0-20200527120321-2f9220b75c40/go.mod h1:RQR7u5n9PEtOMxJWiXrpEXvNFAYNq8GxsVUrtirv7YM=
github.com/fpawel/hardware v0.0.0-20200527121350-ad7ab6ba6423 h1:s/tU5Ezq5aX2xJzVUTz1hVokyoLjlzQzyWcdoH4JLaM=
github.com/fpawel/hardware v0.0.0-20200527121350-ad7ab6ba6423/go.mod h1:/cREI6PVYQBxC+qChcNvm5FTTIVJNTryBZeXLzdpLOE=
github.com/fpawel/hardware v0.0.0-20200527124810-cb8e4785187d h1:4biPq2qBW44aBRfbawxbemfdQ+i9m/NYn3YqWDlVpu8=
github.com/fpawel/hardware v0.0.0-20200527124810-cb8e4785187d/go.mod h1:TeVtaH8i5gam2uP5dgm2IRG7/7Mmo9Co+mr8f8oAQsg=
github.com/fpawel/hardware v0.0.0-20200527125405-90ea6eb27900 h1:RwWzjQVf/b/ikvNJimOvmOni0zQU8HSIrGShqTf5LVQ=
github.com/fpawel/hardware v0.0.0-20200527125405-90ea6eb27900/go.mod h1:ZAcf0cQteXMT9lmndUpP6KTxDc8DsimBRGqUUYYRsyQ=
github.com/fpawel/hardware v0.0.0-20200527130715-97cce34d46ba h1:wkGj7KXpttR6ZWI3pVDoFj8+zuL8ph/1yjuDGKjB98w=
github.com/fpawel/hardware v0.0.0-20200527130715-97cce34d46ba/go.mod h1:8wRji00SBgcZ00usp8a0uu/ia+6icVx9DRzTfXpv5/8=
github.com/fpawel/hardware v0.0.0-20200527132507-04fd86653844 h1:UF+ffUbDmj/wSMHq1+OeqA9QSb04hIJeuzGZc43UQPE=
github.com/fpawel/hardware v0.0.0-20200527132507-04fd86653844/go.mod h1:ftL9n9IDyV351Y6xEBK83p9Z+wgV1MIb63RuEkgFFO0=
github.com/fpawel/hardware v0.0.0-20200527132915-6358dec4a8fe h1:j6kJGPJOBCJKCAe6ao8KM4xFRHQQ4N/F+l3/86yFb70=
github.com/fpawel/hardware v0.0.0-20200527132915-6358dec4a8fe/go.mod h1:yRhucOi5agUFsL9NqvD9l2OGoYiuIvpXTXu8k8EfIds=
github.com/fpawel/hardware v0.0.0-20200625131916-dcf3da80eb19 h1:BiaRA4Dhj+KObRVppKxDS0aE62E4k1ghsexi0UZKdeE=
github.com/fpawel/hardware v0.0.0-20200625131916-dcf3da80eb19/go.mod h1:mDja4nLcvx/MnrctKVs52VZGxQQN1PD4ANH9gnDtCF8=
github.com/fpawel/hardware v0.0.0-20200710085104-78a4c249081f h1:0dBIjRi6mabwNcpfRkP2n4uZUEN7R7rGLjKuHYO7C9k=
github.com/fpawel/hardware v0.0.0-20200710085104-78a4c249081f/go.mod h1:bwE4+qqplqGUBBNkAgHImhLlhHIfacsBEQlfAIbv27o=
github.com/fpawel/hardware v0.0.0-20200710131716-7ed4462b1685 h1:6VoWVYRKOk+ErsLy55wV9KWmDti2SDscsLxZbLOvEFk=
github.com/fpawel/hardware v0.0.0-20200710131716-7ed4462b1685/go.mod h1:d458aePXBparsbCwbBktnQRuoY+vaWubSuMDDoC/UZc=
github.com/fpawel/hardware v0.0.0-20200710134054-a089e8c1c3fe h1:hYQPre2NH/TSOAeb5w7JGAwSb+MeLCyxhY/1QHLBYQo=
github.com/fpawel/hardware v0.0.0-20200710134054-a089e8c1c3fe/go.mod h1:gHYFVnu0GgiN3eyvhIpXoVMEPkxHSIt6WhV2mdbXlgI=
github.com/go-sql-driver/mysql v1.4.0/go.mod h1:zAC/RDZ24gD3HViQzih4MyKcchzm+sOG5ZlKdlhCg5w=
github.com/go-sql-driver/mysql v1.4.1/go.mod h1:zAC/RDZ24gD3HViQzih4MyKcchzm+sOG5ZlKdlhCg5w=
github.com/go-sql-driver/mysql v1.5.0 h1:ozyZYNQW3x3HtqT1jira07DN2PArx2v7/mN66gGcHOs=
github.com/go-sql-driver/mysql v1.5.0/go.mod h1:DCzpHaOWr8IXmIStZouvnhqoel9Qv2LBy8hT2VhHyBg=
github.com/golang/protobuf v1.3.1/go.mod h1:6lQm79b+lXiMfvg/cZm0SGofjICqVBUtrP5yJMmIC1U=
github.com/google/uuid v1.1.1 h1:Gkbcsh/GbpXz7lPftLA3P6TYMwjCLYm83jiFQZF/3gY=
github.com/google/uuid v1.1.1/go.mod h1:TIyPZe4MgqvfeYDBFedMoGGpEw/LqOeaOT+nhxU+yHo=
github.com/gopherjs/gopherjs v0.0.0-20181017120253-0766667cb4d1/go.mod h1:wJfORRmW1u3UXTncJ5qlYoELFm8eSnnEO6hX4iZ3EWY=
github.com/gopherjs/gopherjs v0.0.0-20181103185306-d547d1d9531e/go.mod h1:wJfORRmW1u3UXTncJ5qlYoELFm8eSnnEO6hX4iZ3EWY=
github.com/gopherjs/gopherjs v0.0.0-20190430165422-3e4dfb77656c/go.mod h1:wJfORRmW1u3UXTncJ5qlYoELFm8eSnnEO6hX4iZ3EWY=
github.com/gopherjs/gopherjs v0.0.0-20190915194858-d3ddacdb130f/go.mod h1:wJfORRmW1u3UXTncJ5qlYoELFm8eSnnEO6hX4iZ3EWY=
github.com/gopherjs/gopherjs v0.0.0-20200217142428-fce0ec30dd00 h1:l5lAOZEym3oK3SQ2HBHWsJUfbNBiTXJDeW2QDxw9AQ0=
github.com/gopherjs/gopherjs v0.0.0-20200217142428-fce0ec30dd00/go.mod h1:wJfORRmW1u3UXTncJ5qlYoELFm8eSnnEO6hX4iZ3EWY=
github.com/hashicorp/errwrap v1.0.0 h1:hLrqtEDnRye3+sgx6z4qVLNuviH3MR5aQ0ykNJa/UYA=
github.com/hashicorp/errwrap v1.0.0/go.mod h1:YH+1FKiLXxHSkmPseP+kNlulaMuP3n2brvKWEqk/Jc4=
github.com/hashicorp/go-multierror v1.1.0 h1:B9UzwGQJehnUY1yNrnwREHc3fGbC2xefo8g4TbElacI=
github.com/hashicorp/go-multierror v1.1.0/go.mod h1:spPvp8C1qA32ftKqdAHm4hHTbPw+vmowP0z+KUhOZdA=
github.com/iancoleman/strcase v0.0.0-20190422225806-e506e3ef7365 h1:ECW73yc9MY7935nNYXUkK7Dz17YuSUI9yqRqYS8aBww=
github.com/iancoleman/strcase v0.0.0-20190422225806-e506e3ef7365/go.mod h1:SK73tn/9oHe+/Y0h39VT4UCxmurVJkR5NA7kMEAOgSE=
github.com/jmoiron/sqlx v1.2.0 h1:41Ip0zITnmWNR/vHV+S4m+VoUivnWY5E4OJfLZjCJMA=
github.com/jmoiron/sqlx v1.2.0/go.mod h1:1FEQNm3xlJgrMD+FBdI9+xvCksHtbpVBBw5dYhBSsks=
github.com/jtolds/gls v4.2.1+incompatible/go.mod h1:QJZ7F/aHp+rZTRtaJ1ow/lLfFfVYBRgL+9YlvaHOwJU=
github.com/jtolds/gls v4.20.0+incompatible h1:xdiiI2gbIgH/gLH7ADydsJ1uDOEzR8yvV7C0MuV77Wo=
github.com/jtolds/gls v4.20.0+incompatible/go.mod h1:QJZ7F/aHp+rZTRtaJ1ow/lLfFfVYBRgL+9YlvaHOwJU=
github.com/k0kubun/go-ansi v0.0.0-20180517002512-3bf9e2903213/go.mod h1:vNUNkEQ1e29fT/6vq2aBdFsgNPmy8qMdSay1npru+Sw=
github.com/kr/pretty v0.1.0 h1:L/CwN0zerZDmRFUapSPitk6f+Q3+0za1rQkzVuMiMFI=
github.com/kr/pretty v0.1.0/go.mod h1:dAy3ld7l9f0ibDNOQOHHMYYIIbhfbHSm3C4ZsoJORNo=
github.com/kr/pretty v0.2.0/go.mod h1:ipq/a2n7PKx3OHsz4KJII5eveXtPO4qwEXGdVfWzfnI=
github.com/kr/pty v1.1.1/go.mod h1:pFQYn66WHrOpPYNljwOMqo10TkYh1fy3cYio2l3bCsQ=
github.com/kr/text v0.1.0 h1:45sCR5RtlFHMR4UwH9sdQ5TC8v0qDQCHnXt+kaKSTVE=
github.com/kr/text v0.1.0/go.mod h1:4Jbv+DJW3UT/LiOwJeYQe1efqtUx/iVham/4vfdArNI=
github.com/kr/text v0.2.0 h1:5Nx0Ya0ZqY2ygV366QzturHI13Jq95ApcVaJBhpS+AY=
github.com/kr/text v0.2.0/go.mod h1:eLer722TekiGuMkidMxC/pM04lWEeraHUUmBw8l2grE=
github.com/lib/pq v1.0.0/go.mod h1:5WUZQaWbwv1U+lTReE5YruASi9Al49XbQIvNi/34Woo=
github.com/lib/pq v1.2.0/go.mod h1:5WUZQaWbwv1U+lTReE5YruASi9Al49XbQIvNi/34Woo=
github.com/lib/pq v1.3.0 h1:/qkRGz8zljWiDcFvgpwUpwIAPu3r07TDvs3Rws+o/pU=
github.com/lib/pq v1.3.0/go.mod h1:5WUZQaWbwv1U+lTReE5YruASi9Al49XbQIvNi/34Woo=
github.com/lxn/walk v0.0.0-20191001144247-31870cf268b0/go.mod h1:E23UucZGqpuUANJooIbHWCufXvOcT6E7Stq81gU+CSQ=
github.com/lxn/win v0.0.0-20190919090605-24c5960b03d8/go.mod h1:ouWl4wViUNh8tPSIwxTVMuS014WakR1hqvBc2I0bMoA=
github.com/lxn/win v0.0.0-20191128105842-2da648fda5b4 h1:5BmtGkQbch91lglMHQ9JIDGiYCL3kBRBA0ItZTvOcEI=
github.com/lxn/win v0.0.0-20191128105842-2da648fda5b4/go.mod h1:ouWl4wViUNh8tPSIwxTVMuS014WakR1hqvBc2I0bMoA=
github.com/mattn/go-isatty v0.0.12/go.mod h1:cbi8OIDigv2wuxKPP5vlRcQ1OAZbq2CE4Kysco4FUpU=
github.com/mattn/go-runewidth v0.0.9 h1:Lm995f3rfxdpd6TSmuVCHVb/QhupuXlYr8sCI/QdE+0=
github.com/mattn/go-runewidth v0.0.9/go.mod h1:H031xJmbD/WCDINGzjvQ9THkh0rPKHF+m2gUSrubnMI=
github.com/mattn/go-sqlite3 v1.9.0/go.mod h1:FPy6KqzDD04eiIsT53CuJW3U88zkxoIYsOqkbpncsNc=
github.com/mattn/go-sqlite3 v1.11.0/go.mod h1:FPy6KqzDD04eiIsT53CuJW3U88zkxoIYsOqkbpncsNc=
github.com/mattn/go-sqlite3 v2.0.3+incompatible h1:gXHsfypPkaMZrKbD5209QV9jbUTJKjyR5WD3HYQSd+U=
github.com/mattn/go-sqlite3 v2.0.3+incompatible/go.mod h1:FPy6KqzDD04eiIsT53CuJW3U88zkxoIYsOqkbpncsNc=
github.com/mitchellh/colorstring v0.0.0-20190213212951-d06e56a500db h1:62I3jR2EmQ4l5rM/4FEfDWcRD+abF5XlKShorW5LRoQ=
github.com/mitchellh/colorstring v0.0.0-20190213212951-d06e56a500db/go.mod h1:l0dey0ia/Uv7NcFFVbCLtqEBQbrT4OCwCSKTEv6enCw=
github.com/mitchellh/mapstructure v1.2.2 h1:dxe5oCinTXiTIcfgmZecdCzPmAJKd46KsCWc35r0TV4=
github.com/mitchellh/mapstructure v1.2.2/go.mod h1:bFUtVrKA4DC2yAKiSyO/QUcy7e+RRV2QTWOzhPopBRo=
github.com/niemeyer/pretty v0.0.0-20200227124842-a10e7caefd8e h1:fD57ERR4JtEqsWbfPhv4DMiApHyliiK5xCTNVSPiaAs=
github.com/niemeyer/pretty v0.0.0-20200227124842-a10e7caefd8e/go.mod h1:zD1mROLANZcx1PVRCS0qkT7pwLkGfwJo4zjcN/Tysno=
github.com/pkg/errors v0.8.1 h1:iURUrRGxPUNPdy5/HRSm+Yj6okJ6UtLINN0Q9M4+h3I=
github.com/pkg/errors v0.8.1/go.mod h1:bwawxfHBFNV+L2hUp1rHADufV3IMtnDRdf1r5NINEl0=
github.com/pkg/errors v0.9.1 h1:FEBLx1zS214owpjy7qsBeixbURkuhQAwrK5UwLGTwt4=
github.com/pkg/errors v0.9.1/go.mod h1:bwawxfHBFNV+L2hUp1rHADufV3IMtnDRdf1r5NINEl0=
github.com/pmezard/go-difflib v1.0.0 h1:4DBwDE0NGyQoBHbLQYPwSUPoCMWR5BEzIk/f1lZbAQM=
github.com/pmezard/go-difflib v1.0.0/go.mod h1:iKH77koFhYxTK1pcRnkKkqfTogsbg7gZNVY4sRDYZ/4=
github.com/powerman/check v1.0.1/go.mod h1:wOYaLZeuhk6i79TDfPcqkDx70tbaVLEiE0aqMhMKojc=
github.com/powerman/check v1.1.0/go.mod h1:nX1qs/UsVgnQrkebazvKUJzMrtOItv4O0+Y79nhVi3Y=
github.com/powerman/check v1.2.1 h1:x1io+fh3njxQEmbvONx5a9QWZXVwFP1BDPKNqK0uZAo=
github.com/powerman/check v1.2.1/go.mod h1:IW+hYd9ihaKn7ri1+NGS8WWwrKdytbU8hgNC1wbcurc=
github.com/powerman/structlog v0.5.0/go.mod h1:LLPzzfEtyBct3MTn0UnJdtLxu64fMpSYYQr1Bt3DdAI=
github.com/powerman/structlog v0.6.0 h1:qb4G+qayVCP3Zetm9azScftX6gZq7yLYQGuSrWMq7wc=
github.com/powerman/structlog v0.6.0/go.mod h1:IwNWsowhFIX5dHjLJ6Q22LT3nowH4UBJjdlOTvfv6b8=
github.com/powerman/structlog v0.7.1 h1:68xN/GdxU7SYbXu/7P4RWyK7lKaN7FXjncarf7wO+Wk=
github.com/powerman/structlog v0.7.1/go.mod h1:ksFcAlZ6WcmwQScaECqbijO3pEAKiSVKmJo/Vtpw8aM=
github.com/schollz/progressbar v1.0.0 h1:gbyFReLHDkZo8mxy/dLWMr+Mpb1MokGJ1FqCiqacjZM=
github.com/schollz/progressbar/v3 v3.3.3 h1:woop83iT9IwNMhawXBgHTlAAOwUj4Nnr1RvX2LkkJTs=
github.com/schollz/progressbar/v3 v3.3.3/go.mod h1:N/820QRS3ua9DhrVnLShsNgAEKNYFd89Cf5syXfqeyQ=
github.com/smartystreets/assertions v0.0.0-20180927180507-b2de0cb4f26d/go.mod h1:OnSkiWE9lh6wB0YB77sQom3nweQdgAjqCqsofrRNTgc=
github.com/smartystreets/assertions v0.0.0-20190401211740-f487f9de1cd3/go.mod h1:OnSkiWE9lh6wB0YB77sQom3nweQdgAjqCqsofrRNTgc=
github.com/smartystreets/assertions v1.0.1 h1:voD4ITNjPL5jjBfgR/r8fPIIBrliWrWHeiJApdr3r4w=
github.com/smartystreets/assertions v1.0.1/go.mod h1:kHHU4qYBaI3q23Pp3VPrmWhuIUrLW/7eUrw0BU5VaoM=
github.com/smartystreets/goconvey v0.0.0-20181108003508-044398e4856c/go.mod h1:XDJAKZRPZ1CvBcN2aX5YOUTYGHki24fSF0Iv48Ibg0s=
github.com/smartystreets/goconvey v0.0.0-20190330032615-68dc04aab96a/go.mod h1:syvi0/a8iFYH4r/RixwvyeAJjdLS9QV7WQ/tjFTllLA=
github.com/smartystreets/goconvey v0.0.0-20190731233626-505e41936337/go.mod h1:syvi0/a8iFYH4r/RixwvyeAJjdLS9QV7WQ/tjFTllLA=
github.com/smartystreets/goconvey v1.6.4 h1:fv0U8FUIMPNf1L9lnHLvLhgicrIVChEkdzIKYqbNC9s=
github.com/smartystreets/goconvey v1.6.4/go.mod h1:syvi0/a8iFYH4r/RixwvyeAJjdLS9QV7WQ/tjFTllLA=
github.com/stretchr/objx v0.1.0 h1:4G4v2dO3VZwixGIRoQ5Lfboy6nUhCyYzaqnIAPPhYs4=
github.com/stretchr/objx v0.1.0/go.mod h1:HFkY916IF+rwdDfMAkV7OtwuqBVzrE8GR6GFx+wExME=
github.com/stretchr/objx v0.2.0 h1:Hbg2NidpLE8veEBkEZTL3CvlkUIVzuU9jDplZO54c48=
github.com/stretchr/objx v0.2.0/go.mod h1:qt09Ya8vawLte6SNmTgCsAVtYtaKzEcn8ATUoHMkEqE=
github.com/stretchr/testify v1.2.2/go.mod h1:a8OnRcib4nhh0OaRAV+Yts87kKdq0PP7pXfy6kDkUVs=
github.com/stretchr/testify v1.3.0/go.mod h1:M5WIy9Dh21IEIfnGCwXGc5bZfKNJtfHm1UVUgZn+9EI=
github.com/stretchr/testify v1.4.0 h1:2E4SXV/wtOkTonXsotYi4li6zVWxYlZuYNCXe9XRJyk=
github.com/stretchr/testify v1.4.0/go.mod h1:j7eGeouHqKxXV5pUuKE4zz7dFj8WfuZ+81PSLYec5m4=
github.com/stretchr/testify v1.5.1 h1:nOGnQDM7FYENwehXlg/kFVnos3rEvtKTjRvOWSzb6H4=
github.com/stretchr/testify v1.5.1/go.mod h1:5W2xD1RspED5o8YsWQXVCued0rvSQ+mT+I5cxcmMvtA=
github.com/yuin/gluamapper v0.0.0-20150323120927-d836955830e7 h1:noHsffKZsNfU38DwcXWEPldrTjIZ8FPNKx8mYMGnqjs=
github.com/yuin/gluamapper v0.0.0-20150323120927-d836955830e7/go.mod h1:bbMEM6aU1WDF1ErA5YJ0p91652pGv140gGw4Ww3RGp8=
github.com/yuin/gopher-lua v0.0.0-20190206043414-8bfc7677f583/go.mod h1:gqRgreBUhTSL0GeU64rtZ3Uq3wtjOa/TB2YfrtkCbVQ=
github.com/yuin/gopher-lua v0.0.0-20191220021717-ab39c6098bdb h1:ZkM6LRnq40pR1Ox0hTHlnpkcOTuFIDQpZ1IN8rKKhX0=
github.com/yuin/gopher-lua v0.0.0-20191220021717-ab39c6098bdb/go.mod h1:gqRgreBUhTSL0GeU64rtZ3Uq3wtjOa/TB2YfrtkCbVQ=
golang.org/x/crypto v0.0.0-20190308221718-c2843e01d9a2/go.mod h1:djNgcEr1/C05ACkg1iLfiJU5Ep61QUkGW8qpdssI0+w=
golang.org/x/net v0.0.0-20190311183353-d8887717615a/go.mod h1:t9HGtf8HONx5eT2rtn7q6eTqICYqUVnKs3thJo3Qplg=
golang.org/x/net v0.0.0-20190603091049-60506f45cf65/go.mod h1:HSz+uSET+XFnRR8LxR5pz3Of3rY3CfYBVs4xY44aLks=
golang.org/x/sys v0.0.0-20181107165924-66b7b1311ac8/go.mod h1:STP8DvDyc/dI5b8T5hshtkjS+E42TnysNCUPdjciGhY=
golang.org/x/sys v0.0.0-20190204203706-41f3e6584952/go.mod h1:STP8DvDyc/dI5b8T5hshtkjS+E42TnysNCUPdjciGhY=
golang.org/x/sys v0.0.0-20190215142949-d0b11bdaac8a/go.mod h1:STP8DvDyc/dI5b8T5hshtkjS+E42TnysNCUPdjciGhY=
golang.org/x/sys v0.0.0-20190526052359-791d8a0f4d09/go.mod h1:h1NjWce9XRLGQEsW7wpKNCjG9DtNlClVuFLEZdDNbEs=
golang.org/x/sys v0.0.0-20190904154756-749cb33beabd/go.mod h1:h1NjWce9XRLGQEsW7wpKNCjG9DtNlClVuFLEZdDNbEs=
golang.org/x/sys v0.0.0-20191010194322-b09406accb47/go.mod h1:h1NjWce9XRLGQEsW7wpKNCjG9DtNlClVuFLEZdDNbEs=
golang.org/x/sys v0.0.0-20191020212454-3e7259c5e7c2/go.mod h1:h1NjWce9XRLGQEsW7wpKNCjG9DtNlClVuFLEZdDNbEs=
golang.org/x/sys v0.0.0-20191029155521-f43be2a4598c/go.mod h1:h1NjWce9XRLGQEsW7wpKNCjG9DtNlClVuFLEZdDNbEs=
golang.org/x/sys v0.0.0-20200116001909-b77594299b42/go.mod h1:h1NjWce9XRLGQEsW7wpKNCjG9DtNlClVuFLEZdDNbEs=
golang.org/x/sys v0.0.0-20200124204421-9fbb57f87de9/go.mod h1:h1NjWce9XRLGQEsW7wpKNCjG9DtNlClVuFLEZdDNbEs=
golang.org/x/sys v0.0.0-20200302150141-5c8b2ff67527 h1:uYVVQ9WP/Ds2ROhcaGPeIdVq0RIXVLwsHlnvJ+cT1So=
golang.org/x/sys v0.0.0-20200302150141-5c8b2ff67527/go.mod h1:h1NjWce9XRLGQEsW7wpKNCjG9DtNlClVuFLEZdDNbEs=
golang.org/x/sys v0.0.0-20200323222414-85ca7c5b95cd h1:xhmwyvizuTgC2qz7ZlMluP20uW+C3Rm0FD/WLDX8884=
golang.org/x/sys v0.0.0-20200323222414-85ca7c5b95cd/go.mod h1:h1NjWce9XRLGQEsW7wpKNCjG9DtNlClVuFLEZdDNbEs=
golang.org/x/text v0.3.0/go.mod h1:NqM8EUOU14njkJ3fqMW+pc6Ldnwhi/IjpwHt7yyuwOQ=
golang.org/x/text v0.3.2/go.mod h1:bEr9sfX3Q8Zfm5fL9x+3itogRgK3+ptLWKqgva+5dAk=
golang.org/x/tools v0.0.0-20180917221912-90fa682c2a6e/go.mod h1:n7NCudcB/nEzxVGmLbDWY5pfWTLqBcC2KZ6jyYvM4mQ=
golang.org/x/tools v0.0.0-20190328211700-ab21143f2384/go.mod h1:LCzVGOaR6xXOjkQ3onu1FJEFr0SW1gC7cKk1uF8kGRs=
golang.org/x/xerrors v0.0.0-20190513163551-3ee3066db522/go.mod h1:I/5z698sn9Ka8TeJc9MKroUUfqBBauWjQqLJ2OPfmY0=
golang.org/x/xerrors v0.0.0-20191011141410-1b5146add898/go.mod h1:I/5z698sn9Ka8TeJc9MKroUUfqBBauWjQqLJ2OPfmY0=
golang.org/x/xerrors v0.0.0-20191204190536-9bdfabe68543 h1:E7g+9GITq07hpfrRu66IVDexMakfv52eLZ2CXBWiKr4=
golang.org/x/xerrors v0.0.0-20191204190536-9bdfabe68543/go.mod h1:I/5z698sn9Ka8TeJc9MKroUUfqBBauWjQqLJ2OPfmY0=
google.golang.org/appengine v1.6.5/go.mod h1:8WjMMxjGQR8xUklV/ARdw2HLXBOI7O7uCIDZVag1xfc=
gopkg.in/Knetic/govaluate.v3 v3.0.0/go.mod h1:csKLBORsPbafmSCGTEh3U7Ozmsuq8ZSIlKk1bcqph0E=
gopkg.in/check.v1 v0.0.0-20161208181325-20d25e280405/go.mod h1:Co6ibVJAznAaIkqp8huTwlJQCZ016jof/cbN4VW5Yz0=
gopkg.in/check.v1 v1.0.0-20190902080502-41f04d3bba15 h1:YR8cESwS4TdDjEe65xsg0ogRM/Nc3DYOhEAlW+xobZo=
gopkg.in/check.v1 v1.0.0-20190902080502-41f04d3bba15/go.mod h1:Co6ibVJAznAaIkqp8huTwlJQCZ016jof/cbN4VW5Yz0=
gopkg.in/check.v1 v1.0.0-20200227125254-8fa46927fb4f h1:BLraFXnmrev5lT+xlilqcH8XK9/i0At2xKjWk4p6zsU=
gopkg.in/check.v1 v1.0.0-20200227125254-8fa46927fb4f/go.mod h1:Co6ibVJAznAaIkqp8huTwlJQCZ016jof/cbN4VW5Yz0=
gopkg.in/yaml.v2 v2.2.2/go.mod h1:hI93XBmqTisBFMUTm0b8Fm+jr3Dg1NNxqwp+5A1VGuI=
gopkg.in/yaml.v2 v2.2.4/go.mod h1:hI93XBmqTisBFMUTm0b8Fm+jr3Dg1NNxqwp+5A1VGuI=
gopkg.in/yaml.v2 v2.2.8 h1:obN1ZagJSUGI0Ek/LBmuj4SNLPfIny3KsKFopxRdj10=
gopkg.in/yaml.v2 v2.2.8/go.mod h1:hI93XBmqTisBFMUTm0b8Fm+jr3Dg1NNxqwp+5A1VGuI=
gopkg.in/yaml.v3 v3.0.0-20200313102051-9f266ea9e77c h1:dUUwHk2QECo/6vqA44rthZ8ie2QXMNeKRTHCNY2nXvo=
gopkg.in/yaml.v3 v3.0.0-20200313102051-9f266ea9e77c/go.mod h1:K4uyk7z7BCEPqu6E+C64Yfv1cQ7kz7rIZviUmN+EgEM=
layeh.com/gopher-luar v1.0.7 h1:53iv6CCkRs5wyofZ+qVXcyAYQOIG52s6pt4xkqZdq7k=
layeh.com/gopher-luar v1.0.7/go.mod h1:TPnIVCZ2RJBndm7ohXyaqfhzjlZ+OA2SZR/YwL8tECk=
